
Microsoft Visual Studio Solution File, Format Version 12.00
# Visual Studio Version 16
VisualStudioVersion = 16.0.29215.179
MinimumVisualStudioVersion = 10.0.40219.1
Project("{FAE04EC0-301F-11D3-BF4B-00C04F79EFBC}") = "XSSDefenses", "XSSDefenses\XSSDefenses.csproj", "{99DE451A-9180-4FE9-8595-03C6C257C600}"
EndProject
Global
	GlobalSection(SolutionConfigurationPlatforms) = preSolution
		Debug|Any CPU = Debug|Any CPU
		Release|Any CPU = Release|Any CPU
	EndGlobalSection
	GlobalSection(ProjectConfigurationPlatforms) = postSolution
		{99DE451A-9180-4FE9-8595-03C6C257C600}.Debug|Any CPU.ActiveCfg = Debug|Any CPU
		{99DE451A-9180-4FE9-8595-03C6C257C600}.Debug|Any CPU.Build.0 = Debug|Any CPU
		{99DE451A-9180-4FE9-8595-03C6C257C600}.Release|Any CPU.ActiveCfg = Release|Any CPU
		{99DE451A-9180-4FE9-8595-03C6C257C600}.Release|Any CPU.Build.0 = Release|Any CPU
	EndGlobalSection
	GlobalSection(SolutionProperties) = preSolution
		HideSolutionNode = FALSE
	EndGlobalSection
	GlobalSection(ExtensibilityGlobals) = postSolution
		SolutionGuid = {B5A1A62F-546C-4F14-941A-4C746D6A4870}
	EndGlobalSection
EndGlobal
